
Microsoft Visual Studio Solution File, Format Version 12.00
# Visual Studio 15
VisualStudioVersion = 15.0.28307.106
MinimumVisualStudioVersion = 10.0.40219.1
Project("{FAE04EC0-301F-11D3-BF4B-00C04F79EFBC}") = "PicStack", "PicStack\PicStack.csproj", "{4765DFF5-3498-49A1-9164-9AB6340A79A8}"
EndProject
Global
	GlobalSection(SolutionConfigurationPlatforms) = preSolution
		Debug|Any CPU = Debug|Any CPU
		Release|Any CPU = Release|Any CPU
	EndGlobalSection
	GlobalSection(ProjectConfigurationPlatforms) = postSolution
		{4765DFF5-3498-49A1-9164-9AB6340A79A8}.Debug|Any CPU.ActiveCfg = Debug|Any CPU
		{4765DFF5-3498-49A1-9164-9AB6340A79A8}.Debug|Any CPU.Build.0 = Debug|Any CPU
		{4765DFF5-3498-49A1-9164-9AB6340A79A8}.Release|Any CPU.ActiveCfg = Release|Any CPU
		{4765DFF5-3498-49A1-9164-9AB6340A79A8}.Release|Any CPU.Build.0 = Release|Any CPU
	EndGlobalSection
	GlobalSection(SolutionProperties) = preSolution
		HideSolutionNode = FALSE
	EndGlobalSection
	GlobalSection(ExtensibilityGlobals) = postSolution
		SolutionGuid = {5BA954A7-7EF1-4DC1-A31E-69B6A541A24D}
	EndGlobalSection
EndGlobal
